
Microsoft Visual Studio Solution File, Format Version 12.00
# Visual Studio 14
VisualStudioVersion = 14.0.25420.1
MinimumVisualStudioVersion = 10.0.40219.1
Project("{FAE04EC0-301F-11D3-BF4B-00C04F79EFBC}") = "VideoGameStore", "VideoGameStore\VideoGameStore.csproj", "{D6324B58-16F4-4CE6-8CD6-7ADD2DB88EFC}"
EndProject
Project("{FAE04EC0-301F-11D3-BF4B-00C04F79EFBC}") = "VideoGameStore.Tests", "VideoGameStore.Tests\VideoGameStore.Tests.csproj", "{F7E5AE4B-A0E2-40AE-A337-E30A539FE4F3}"
EndProject
Project("{FAE04EC0-301F-11D3-BF4B-00C04F79EFBC}") = "RPClassLibrary", "RPClassLibrary\RPClassLibrary.csproj", "{4118DEB4-5EAD-448F-BAEA-4936D6EBE70B}"
EndProject
Global
	GlobalSection(SolutionConfigurationPlatforms) = preSolution
		Debug|Any CPU = Debug|Any CPU
		Release|Any CPU = Release|Any CPU
	EndGlobalSection
	GlobalSection(ProjectConfigurationPlatforms) = postSolution
		{D6324B58-16F4-4CE6-8CD6-7ADD2DB88EFC}.Debug|Any CPU.ActiveCfg = Debug|Any CPU
		{D6324B58-16F4-4CE6-8CD6-7ADD2DB88EFC}.Debug|Any CPU.Build.0 = Debug|Any CPU
		{D6324B58-16F4-4CE6-8CD6-7ADD2DB88EFC}.Release|Any CPU.ActiveCfg = Release|Any CPU
		{D6324B58-16F4-4CE6-8CD6-7ADD2DB88EFC}.Release|Any CPU.Build.0 = Release|Any CPU
		{F7E5AE4B-A0E2-40AE-A337-E30A539FE4F3}.Debug|Any CPU.ActiveCfg = Debug|Any CPU
		{F7E5AE4B-A0E2-40AE-A337-E30A539FE4F3}.Debug|Any CPU.Build.0 = Debug|Any CPU
		{F7E5AE4B-A0E2-40AE-A337-E30A539FE4F3}.Release|Any CPU.ActiveCfg = Release|Any CPU
		{F7E5AE4B-A0E2-40AE-A337-E30A539FE4F3}.Release|Any CPU.Build.0 = Release|Any CPU
		{4118DEB4-5EAD-448F-BAEA-4936D6EBE70B}.Debug|Any CPU.ActiveCfg = Debug|Any CPU
		{4118DEB4-5EAD-448F-BAEA-4936D6EBE70B}.Debug|Any CPU.Build.0 = Debug|Any CPU
		{4118DEB4-5EAD-448F-BAEA-4936D6EBE70B}.Release|Any CPU.ActiveCfg = Release|Any CPU
		{4118DEB4-5EAD-448F-BAEA-4936D6EBE70B}.Release|Any CPU.Build.0 = Release|Any CPU
	EndGlobalSection
	GlobalSection(SolutionProperties) = preSolution
		HideSolutionNode = FALSE
	EndGlobalSection
EndGlobal
